
Microsoft Visual Studio Solution File, Format Version 12.00
# Visual Studio Version 17
VisualStudioVersion = 17.9.34728.123
MinimumVisualStudioVersion = 10.0.40219.1
Project("{9A19103F-16F7-4668-BE54-9A1E7A4F7556}") = "EmotionalSeismograph.Backend", "EmotionalSeismograph.Backend\EmotionalSeismograph.Backend.csproj", "{E31879B7-09A4-4382-B82F-B5FFB1B08B8F}"
EndProject
Project("{9A19103F-16F7-4668-BE54-9A1E7A4F7556}") = "Core", "Core\Core.csproj", "{93BAA23C-8962-4920-9A85-38D96FD2D239}"
EndProject
Global
	GlobalSection(SolutionConfigurationPlatforms) = preSolution
		Debug|Any CPU = Debug|Any CPU
		Release|Any CPU = Release|Any CPU
	EndGlobalSection
	GlobalSection(ProjectConfigurationPlatforms) = postSolution
		{E31879B7-09A4-4382-B82F-B5FFB1B08B8F}.Debug|Any CPU.ActiveCfg = Debug|Any CPU
		{E31879B7-09A4-4382-B82F-B5FFB1B08B8F}.Debug|Any CPU.Build.0 = Debug|Any CPU
		{E31879B7-09A4-4382-B82F-B5FFB1B08B8F}.Release|Any CPU.ActiveCfg = Release|Any CPU
		{E31879B7-09A4-4382-B82F-B5FFB1B08B8F}.Release|Any CPU.Build.0 = Release|Any CPU
		{93BAA23C-8962-4920-9A85-38D96FD2D239}.Debug|Any CPU.ActiveCfg = Debug|Any CPU
		{93BAA23C-8962-4920-9A85-38D96FD2D239}.Debug|Any CPU.Build.0 = Debug|Any CPU
		{93BAA23C-8962-4920-9A85-38D96FD2D239}.Release|Any CPU.ActiveCfg = Release|Any CPU
		{93BAA23C-8962-4920-9A85-38D96FD2D239}.Release|Any CPU.Build.0 = Release|Any CPU
	EndGlobalSection
	GlobalSection(SolutionProperties) = preSolution
		HideSolutionNode = FALSE
	EndGlobalSection
	GlobalSection(ExtensibilityGlobals) = postSolution
		SolutionGuid = {0EECFF40-E45C-4C23-A909-07AC99639AD0}
	EndGlobalSection
EndGlobal
